
Microsoft Visual Studio Solution File, Format Version 12.00
# Visual Studio Version 16
VisualStudioVersion = 16.0.30907.101
MinimumVisualStudioVersion = 10.0.40219.1
Project("{FAE04EC0-301F-11D3-BF4B-00C04F79EFBC}") = "Api", "Api/Api.csproj", "{6214D628-7A33-4579-A479-5532D626EE77}"
EndProject
Global
	GlobalSection(SolutionConfigurationPlatforms) = preSolution
		Debug|Any CPU = Debug|Any CPU
		Release|Any CPU = Release|Any CPU
	EndGlobalSection
	GlobalSection(ProjectConfigurationPlatforms) = postSolution
		{6214D628-7A33-4579-A479-5532D626EE77}.Debug|Any CPU.ActiveCfg = Debug|Any CPU
		{6214D628-7A33-4579-A479-5532D626EE77}.Debug|Any CPU.Build.0 = Debug|Any CPU
		{6214D628-7A33-4579-A479-5532D626EE77}.Release|Any CPU.ActiveCfg = Release|Any CPU
		{6214D628-7A33-4579-A479-5532D626EE77}.Release|Any CPU.Build.0 = Release|Any CPU
	EndGlobalSection
	GlobalSection(SolutionProperties) = preSolution
		HideSolutionNode = FALSE
	EndGlobalSection
	GlobalSection(ExtensibilityGlobals) = postSolution
		SolutionGuid = {6582C7C6-FF38-411F-97F8-E516E76FD542}
	EndGlobalSection
EndGlobal
